
Microsoft Visual Studio Solution File, Format Version 12.00
# Visual Studio Version 17
VisualStudioVersion = 17.10.35027.167
MinimumVisualStudioVersion = 10.0.40219.1
Project("{9A19103F-16F7-4668-BE54-9A1E7A4F7556}") = "Ticketsystem", "Ticketsystem\Ticketsystem.csproj", "{40181511-90A6-4F13-A032-DD004D7F68A7}"
EndProject
Global
	GlobalSection(SolutionConfigurationPlatforms) = preSolution
		Debug|Any CPU = Debug|Any CPU
		Release|Any CPU = Release|Any CPU
	EndGlobalSection
	GlobalSection(ProjectConfigurationPlatforms) = postSolution
		{40181511-90A6-4F13-A032-DD004D7F68A7}.Debug|Any CPU.ActiveCfg = Debug|Any CPU
		{40181511-90A6-4F13-A032-DD004D7F68A7}.Debug|Any CPU.Build.0 = Debug|Any CPU
		{40181511-90A6-4F13-A032-DD004D7F68A7}.Release|Any CPU.ActiveCfg = Release|Any CPU
		{40181511-90A6-4F13-A032-DD004D7F68A7}.Release|Any CPU.Build.0 = Release|Any CPU
	EndGlobalSection
	GlobalSection(SolutionProperties) = preSolution
		HideSolutionNode = FALSE
	EndGlobalSection
	GlobalSection(ExtensibilityGlobals) = postSolution
		SolutionGuid = {E5971D02-0BFF-4CE6-91EA-BE0E1BCD7611}
	EndGlobalSection
EndGlobal
